
Microsoft Visual Studio Solution File, Format Version 12.00
# Visual Studio 15
VisualStudioVersion = 15.0.28307.136
MinimumVisualStudioVersion = 10.0.40219.1
Project("{FAE04EC0-301F-11D3-BF4B-00C04F79EFBC}") = "Direct3DCapture", "src\Direct3DCapture\Direct3DCapture.csproj", "{4A14506E-9C5E-43BC-87E4-34C08DEABDC3}"
EndProject
Project("{2150E333-8FDC-42A3-9474-1A3956D46DE8}") = "src", "src", "{E9D61240-9E2C-4BD5-BEF1-607D3422EAAF}"
EndProject
Project("{2150E333-8FDC-42A3-9474-1A3956D46DE8}") = "test", "test", "{2FDEAA0B-9F04-4CB1-89CF-EF668584453A}"
EndProject
Project("{FAE04EC0-301F-11D3-BF4B-00C04F79EFBC}") = "Direct3DCapture.Tests", "test\Direct3DCapture.Tests\Direct3DCapture.Tests.csproj", "{39FCDDD4-78AF-4F6F-BA40-724A5D1AE620}"
EndProject
Global
	GlobalSection(SolutionConfigurationPlatforms) = preSolution
		Debug|Any CPU = Debug|Any CPU
		Release|Any CPU = Release|Any CPU
	EndGlobalSection
	GlobalSection(ProjectConfigurationPlatforms) = postSolution
		{4A14506E-9C5E-43BC-87E4-34C08DEABDC3}.Debug|Any CPU.ActiveCfg = Debug|Any CPU
		{4A14506E-9C5E-43BC-87E4-34C08DEABDC3}.Debug|Any CPU.Build.0 = Debug|Any CPU
		{4A14506E-9C5E-43BC-87E4-34C08DEABDC3}.Release|Any CPU.ActiveCfg = Release|Any CPU
		{4A14506E-9C5E-43BC-87E4-34C08DEABDC3}.Release|Any CPU.Build.0 = Release|Any CPU
		{39FCDDD4-78AF-4F6F-BA40-724A5D1AE620}.Debug|Any CPU.ActiveCfg = Debug|Any CPU
		{39FCDDD4-78AF-4F6F-BA40-724A5D1AE620}.Debug|Any CPU.Build.0 = Debug|Any CPU
		{39FCDDD4-78AF-4F6F-BA40-724A5D1AE620}.Release|Any CPU.ActiveCfg = Release|Any CPU
		{39FCDDD4-78AF-4F6F-BA40-724A5D1AE620}.Release|Any CPU.Build.0 = Release|Any CPU
	EndGlobalSection
	GlobalSection(SolutionProperties) = preSolution
		HideSolutionNode = FALSE
	EndGlobalSection
	GlobalSection(NestedProjects) = preSolution
		{4A14506E-9C5E-43BC-87E4-34C08DEABDC3} = {E9D61240-9E2C-4BD5-BEF1-607D3422EAAF}
		{39FCDDD4-78AF-4F6F-BA40-724A5D1AE620} = {2FDEAA0B-9F04-4CB1-89CF-EF668584453A}
	EndGlobalSection
	GlobalSection(ExtensibilityGlobals) = postSolution
		SolutionGuid = {15C4F934-433D-4655-9D2C-5E30E7A936C3}
	EndGlobalSection
EndGlobal
